
Microsoft Visual Studio Solution File, Format Version 12.00
# Visual Studio Version 17
VisualStudioVersion = 17.14.36127.28 d17.14
MinimumVisualStudioVersion = 10.0.40219.1
Project("{FAE04EC0-301F-11D3-BF4B-00C04F79EFBC}") = "OBSTest", "OBSTest.csproj", "{DF7C5EEA-1FB3-4C81-94A2-AAB9C9308488}"
EndProject
Global
	GlobalSection(SolutionConfigurationPlatforms) = preSolution
		Debug|Any CPU = Debug|Any CPU
		Release|Any CPU = Release|Any CPU
	EndGlobalSection
	GlobalSection(ProjectConfigurationPlatforms) = postSolution
		{DF7C5EEA-1FB3-4C81-94A2-AAB9C9308488}.Debug|Any CPU.ActiveCfg = Debug|Any CPU
		{DF7C5EEA-1FB3-4C81-94A2-AAB9C9308488}.Debug|Any CPU.Build.0 = Debug|Any CPU
		{DF7C5EEA-1FB3-4C81-94A2-AAB9C9308488}.Release|Any CPU.ActiveCfg = Release|Any CPU
		{DF7C5EEA-1FB3-4C81-94A2-AAB9C9308488}.Release|Any CPU.Build.0 = Release|Any CPU
	EndGlobalSection
	GlobalSection(SolutionProperties) = preSolution
		HideSolutionNode = FALSE
	EndGlobalSection
	GlobalSection(ExtensibilityGlobals) = postSolution
		SolutionGuid = {56D5FA05-B00D-4EE4-AD58-F3B58F2CB969}
	EndGlobalSection
EndGlobal
